
Microsoft Visual Studio Solution File, Format Version 12.00
# Visual Studio Version 17
VisualStudioVersion = 17.0.31903.59
MinimumVisualStudioVersion = 10.0.40219.1
Project("{2150E333-8FDC-42A3-9474-1A3956D46DE8}") = "Projects", "Projects", "{72269089-EEF1-4373-8849-93EAC4B9F415}"
EndProject
Project("{FAE04EC0-301F-11D3-BF4B-00C04F79EFBC}") = "Ticketing.Command", "Projects\Ticketing.Command\Ticketing.Command.csproj", "{05A34D32-2CB3-403E-83B0-1CA7DD07667C}"
EndProject
Project("{2150E333-8FDC-42A3-9474-1A3956D46DE8}") = "Common", "Common", "{3296A3E9-6EC4-4600-B9E0-9F0F4BF09A5D}"
EndProject
Project("{FAE04EC0-301F-11D3-BF4B-00C04F79EFBC}") = "Common.Core", "Common\Common.Core\Common.Core.csproj", "{1C1D76B7-6A44-4A82-99D3-FAFBA0A350CF}"
EndProject
Project("{FAE04EC0-301F-11D3-BF4B-00C04F79EFBC}") = "Ticketing.Query", "Projects\Ticketing.Query\Ticketing.Query.csproj", "{3E56FC87-34AA-424F-9030-C47D91FC4668}"
EndProject
Global
	GlobalSection(SolutionConfigurationPlatforms) = preSolution
		Debug|Any CPU = Debug|Any CPU
		Release|Any CPU = Release|Any CPU
	EndGlobalSection
	GlobalSection(SolutionProperties) = preSolution
		HideSolutionNode = FALSE
	EndGlobalSection
	GlobalSection(ProjectConfigurationPlatforms) = postSolution
		{05A34D32-2CB3-403E-83B0-1CA7DD07667C}.Debug|Any CPU.ActiveCfg = Debug|Any CPU
		{05A34D32-2CB3-403E-83B0-1CA7DD07667C}.Debug|Any CPU.Build.0 = Debug|Any CPU
		{05A34D32-2CB3-403E-83B0-1CA7DD07667C}.Release|Any CPU.ActiveCfg = Release|Any CPU
		{05A34D32-2CB3-403E-83B0-1CA7DD07667C}.Release|Any CPU.Build.0 = Release|Any CPU
		{1C1D76B7-6A44-4A82-99D3-FAFBA0A350CF}.Debug|Any CPU.ActiveCfg = Debug|Any CPU
		{1C1D76B7-6A44-4A82-99D3-FAFBA0A350CF}.Debug|Any CPU.Build.0 = Debug|Any CPU
		{1C1D76B7-6A44-4A82-99D3-FAFBA0A350CF}.Release|Any CPU.ActiveCfg = Release|Any CPU
		{1C1D76B7-6A44-4A82-99D3-FAFBA0A350CF}.Release|Any CPU.Build.0 = Release|Any CPU
		{3E56FC87-34AA-424F-9030-C47D91FC4668}.Debug|Any CPU.ActiveCfg = Debug|Any CPU
		{3E56FC87-34AA-424F-9030-C47D91FC4668}.Debug|Any CPU.Build.0 = Debug|Any CPU
		{3E56FC87-34AA-424F-9030-C47D91FC4668}.Release|Any CPU.ActiveCfg = Release|Any CPU
		{3E56FC87-34AA-424F-9030-C47D91FC4668}.Release|Any CPU.Build.0 = Release|Any CPU
	EndGlobalSection
	GlobalSection(NestedProjects) = preSolution
		{05A34D32-2CB3-403E-83B0-1CA7DD07667C} = {72269089-EEF1-4373-8849-93EAC4B9F415}
		{1C1D76B7-6A44-4A82-99D3-FAFBA0A350CF} = {3296A3E9-6EC4-4600-B9E0-9F0F4BF09A5D}
		{3E56FC87-34AA-424F-9030-C47D91FC4668} = {72269089-EEF1-4373-8849-93EAC4B9F415}
	EndGlobalSection
EndGlobal
